// !$*UTF8*$!
{
	archiveVersion = 1;
	classes = {
	};
	objectVersion = 46;
	objects = {

/* Begin PBXBuildFile section */
		1855D7DC1815DF6D00C002A4 /* Foundation.framework in Frameworks */ = {isa = PBXBuildFile; fileRef = 1855D7DB1815DF6D00C002A4 /* Foundation.framework */; };
		1855D7DE1815DF6D00C002A4 /* CoreGraphics.framework in Frameworks */ = {isa = PBXBuildFile; fileRef = 1855D7DD1815DF6D00C002A4 /* CoreGraphics.framework */; };
		1855D7E01815DF6D00C002A4 /* UIKit.framework in Frameworks */ = {isa = PBXBuildFile; fileRef = 1855D7DF1815DF6D00C002A4 /* UIKit.framework */; };
		1855D7E61815DF6D00C002A4 /* InfoPlist.strings in Resources */ = {isa = PBXBuildFile; fileRef = 1855D7E41815DF6D00C002A4 /* InfoPlist.strings */; };
		1855D7E81815DF6D00C002A4 /* main.m in Sources */ = {isa = PBXBuildFile; fileRef = 1855D7E71815DF6D00C002A4 /* main.m */; };
		1855D7EC1815DF6D00C002A4 /* AppDelegate.m in Sources */ = {isa = PBXBuildFile; fileRef = 1855D7EB1815DF6D00C002A4 /* AppDelegate.m */; };
		1855D7EF1815DF6D00C002A4 /* Main_iPhone.storyboard in Resources */ = {isa = PBXBuildFile; fileRef = 1855D7ED1815DF6D00C002A4 /* Main_iPhone.storyboard */; };
		1855D7F21815DF6D00C002A4 /* Main_iPad.storyboard in Resources */ = {isa = PBXBuildFile; fileRef = 1855D7F01815DF6D00C002A4 /* Main_iPad.storyboard */; };
		1855D7F51815DF6D00C002A4 /* ViewController.m in Sources */ = {isa = PBXBuildFile; fileRef = 1855D7F41815DF6D00C002A4 /* ViewController.m */; };
		1855D7F71815DF6D00C002A4 /* Images.xcassets in Resources */ = {isa = PBXBuildFile; fileRef = 1855D7F61815DF6D00C002A4 /* Images.xcassets */; };
		1855D7FE1815DF6D00C002A4 /* XCTest.framework in Frameworks */ = {isa = PBXBuildFile; fileRef = 1855D7FD1815DF6D00C002A4 /* XCTest.framework */; };
		1855D7FF1815DF6D00C002A4 /* Foundation.framework in Frameworks */ = {isa = PBXBuildFile; fileRef = 1855D7DB1815DF6D00C002A4 /* Foundation.framework */; };
		1855D8001815DF6D00C002A4 /* UIKit.framework in Frameworks */ = {isa = PBXBuildFile; fileRef = 1855D7DF1815DF6D00C002A4 /* UIKit.framework */; };
		1855D8081815DF6D00C002A4 /* InfoPlist.strings in Resources */ = {isa = PBXBuildFile; fileRef = 1855D8061815DF6D00C002A4 /* InfoPlist.strings */; };
		1855D80A1815DF6D00C002A4 /* Week_2Tests.m in Sources */ = {isa = PBXBuildFile; fileRef = 1855D8091815DF6D00C002A4 /* Week_2Tests.m */; };
/* End PBXBuildFile section */

/* Begin PBXContainerItemProxy section */
		1855D8011815DF6D00C002A4 /* PBXContainerItemProxy */ = {
			isa = PBXContainerItemProxy;
			containerPortal = 1855D7D01815DF6D00C002A4 /* Project object */;
			proxyType = 1;
			remoteGlobalIDString = 1855D7D71815DF6D00C002A4;
			remoteInfo = "Week 2";
		};
/* End PBXContainerItemProxy section */

/* Begin PBXFileReference section */
		1855D7D81815DF6D00C002A4 /* Week 2.app */ = {isa = PBXFileReference; explicitFileType = wrapper.application; includeInIndex = 0; path = "Week 2.app"; sourceTree = BUILT_PRODUCTS_DIR; };
		1855D7DB1815DF6D00C002A4 /* Foundation.framework */ = {isa = PBXFileReference; lastKnownFileType = wrapper.framework; name = Foundation.framework; path = System/Library/Frameworks/Foundation.framework; sourceTree = SDKROOT; };
		1855D7DD1815DF6D00C002A4 /* CoreGraphics.framework */ = {isa = PBXFileReference; lastKnownFileType = wrapper.framework; name = CoreGraphics.framework; path = System/Library/Frameworks/CoreGraphics.framework; sourceTree = SDKROOT; };
		1855D7DF1815DF6D00C002A4 /* UIKit.framework */ = {isa = PBXFileReference; lastKnownFileType = wrapper.framework; name = UIKit.framework; path = System/Library/Frameworks/UIKit.framework; sourceTree = SDKROOT; };
		1855D7E31815DF6D00C002A4 /* Week 2-Info.plist */ = {isa = PBXFileReference; lastKnownFileType = text.plist.xml; path = "Week 2-Info.plist"; sourceTree = "<group>"; };
		1855D7E51815DF6D00C002A4 /* en */ = {isa = PBXFileReference; lastKnownFileType = text.plist.strings; name = en; path = en.lproj/InfoPlist.strings; sourceTree = "<group>"; };
		1855D7E71815DF6D00C002A4 /* main.m */ = {isa = PBXFileReference; lastKnownFileType = sourcecode.c.objc; path = main.m; sourceTree = "<group>"; };
		1855D7E91815DF6D00C002A4 /* Week 2-Prefix.pch */ = {isa = PBXFileReference; lastKnownFileType = sourcecode.c.h; path = "Week 2-Prefix.pch"; sourceTree = "<group>"; };
		1855D7EA1815DF6D00C002A4 /* AppDelegate.h */ = {isa = PBXFileReference; lastKnownFileType = sourcecode.c.h; path = AppDelegate.h; sourceTree = "<group>"; };
		1855D7EB1815DF6D00C002A4 /* AppDelegate.m */ = {isa = PBXFileReference; lastKnownFileType = sourcecode.c.objc; path = AppDelegate.m; sourceTree = "<group>"; };
		1855D7EE1815DF6D00C002A4 /* Base */ = {isa = PBXFileReference; lastKnownFileType = file.storyboard; name = Base; path = Base.lproj/Main_iPhone.storyboard; sourceTree = "<group>"; };
		1855D7F11815DF6D00C002A4 /* Base */ = {isa = PBXFileReference; lastKnownFileType = file.storyboard; name = Base; path = Base.lproj/Main_iPad.storyboard; sourceTree = "<group>"; };
		1855D7F31815DF6D00C002A4 /* ViewController.h */ = {isa = PBXFileReference; lastKnownFileType = sourcecode.c.h; path = ViewController.h; sourceTree = "<group>"; };
		1855D7F41815DF6D00C002A4 /* ViewController.m */ = {isa = PBXFileReference; lastKnownFileType = sourcecode.c.objc; path = ViewController.m; sourceTree = "<group>"; };
		1855D7F61815DF6D00C002A4 /* Images.xcassets */ = {isa = PBXFileReference; lastKnownFileType = folder.assetcatalog; path = Images.xcassets; sourceTree = "<group>"; };
		1855D7FC1815DF6D00C002A4 /* Week 2Tests.xctest */ = {isa = PBXFileReference; explicitFileType = wrapper.cfbundle; includeInIndex = 0; path = "Week 2Tests.xctest"; sourceTree = BUILT_PRODUCTS_DIR; };
		1855D7FD1815DF6D00C002A4 /* XCTest.framework */ = {isa = PBXFileReference; lastKnownFileType = wrapper.framework; name = XCTest.framework; path = Library/Frameworks/XCTest.framework; sourceTree = DEVELOPER_DIR; };
		1855D8051815DF6D00C002A4 /* Week 2Tests-Info.plist */ = {isa = PBXFileReference; lastKnownFileType = text.plist.xml; path = "Week 2Tests-Info.plist"; sourceTree = "<group>"; };
		1855D8071815DF6D00C002A4 /* en */ = {isa = PBXFileReference; lastKnownFileType = text.plist.strings; name = en; path = en.lproj/InfoPlist.strings; sourceTree = "<group>"; };
		1855D8091815DF6D00C002A4 /* Week_2Tests.m */ = {isa = PBXFileReference; lastKnownFileType = sourcecode.c.objc; path = Week_2Tests.m; sourceTree = "<group>"; };
/* End PBXFileReference section */

/* Begin PBXFrameworksBuildPhase section */
		1855D7D51815DF6D00C002A4 /* Frameworks */ = {
			isa = PBXFrameworksBuildPhase;
			buildActionMask = 2147483647;
			files = (
				1855D7DE1815DF6D00C002A4 /* CoreGraphics.framework in Frameworks */,
				1855D7E01815DF6D00C002A4 /* UIKit.framework in Frameworks */,
				1855D7DC1815DF6D00C002A4 /* Foundation.framework in Frameworks */,
			);
			runOnlyForDeploymentPostprocessing = 0;
		};
		1855D7F91815DF6D00C002A4 /* Frameworks */ = {
			isa = PBXFrameworksBuildPhase;
			buildActionMask = 2147483647;
			files = (
				1855D7FE1815DF6D00C002A4 /* XCTest.framework in Frameworks */,
				1855D8001815DF6D00C002A4 /* UIKit.framework in Frameworks */,
				1855D7FF1815DF6D00C002A4 /* Foundation.framework in Frameworks */,
			);
			runOnlyForDeploymentPostprocessing = 0;
		};
/* End PBXFrameworksBuildPhase section */

/* Begin PBXGroup section */
		1855D7CF1815DF6D00C002A4 = {
			isa = PBXGroup;
			children = (
				1855D7E11815DF6D00C002A4 /* Week 2 */,
				1855D8031815DF6D00C002A4 /* Week 2Tests */,
				1855D7DA1815DF6D00C002A4 /* Frameworks */,
				1855D7D91815DF6D00C002A4 /* Products */,
			);
			sourceTree = "<group>";
		};
		1855D7D91815DF6D00C002A4 /* Products */ = {
			isa = PBXGroup;
			children = (
				1855D7D81815DF6D00C002A4 /* Week 2.app */,
				1855D7FC1815DF6D00C002A4 /* Week 2Tests.xctest */,
			);
			name = Products;
			sourceTree = "<group>";
		};
		1855D7DA1815DF6D00C002A4 /* Frameworks */ = {
			isa = PBXGroup;
			children = (
				1855D7DB1815DF6D00C002A4 /* Foundation.framework */,
				1855D7DD1815DF6D00C002A4 /* CoreGraphics.framework */,
				1855D7DF1815DF6D00C002A4 /* UIKit.framework */,
				1855D7FD1815DF6D00C002A4 /* XCTest.framework */,
			);
			name = Frameworks;
			sourceTree = "<group>";
		};
		1855D7E11815DF6D00C002A4 /* Week 2 */ = {
			isa = PBXGroup;
			children = (
				1855D7EA1815DF6D00C002A4 /* AppDelegate.h */,
				1855D7EB1815DF6D00C002A4 /* AppDelegate.m */,
				1855D7ED1815DF6D00C002A4 /* Main_iPhone.storyboard */,
				1855D7F01815DF6D00C002A4 /* Main_iPad.storyboard */,
				1855D7F31815DF6D00C002A4 /* ViewController.h */,
				1855D7F41815DF6D00C002A4 /* ViewController.m */,
				1855D7F61815DF6D00C002A4 /* Images.xcassets */,
				1855D7E21815DF6D00C002A4 /* Supporting Files */,
			);
			path = "Week 2";
			sourceTree = "<group>";
		};
		1855D7E21815DF6D00C002A4 /* Supporting Files */ = {
			isa = PBXGroup;
			children = (
				1855D7E31815DF6D00C002A4 /* Week 2-Info.plist */,
				1855D7E41815DF6D00C002A4 /* InfoPlist.strings */,
				1855D7E71815DF6D00C002A4 /* main.m */,
				1855D7E91815DF6D00C002A4 /* Week 2-Prefix.pch */,
			);
			name = "Supporting Files";
			sourceTree = "<group>";
		};
		1855D8031815DF6D00C002A4 /* Week 2Tests */ = {
			isa = PBXGroup;
			children = (
				1855D8091815DF6D00C002A4 /* Week_2Tests.m */,
				1855D8041815DF6D00C002A4 /* Supporting Files */,
			);
			path = "Week 2Tests";
			sourceTree = "<group>";
		};
		1855D8041815DF6D00C002A4 /* Supporting Files */ = {
			isa = PBXGroup;
			children = (
				1855D8051815DF6D00C002A4 /* Week 2Tests-Info.plist */,
				1855D8061815DF6D00C002A4 /* InfoPlist.strings */,
			);
			name = "Supporting Files";
			sourceTree = "<group>";
		};
/* End PBXGroup section */

/* Begin PBXNativeTarget section */
		1855D7D71815DF6D00C002A4 /* Week 2 */ = {
			isa = PBXNativeTarget;
			buildConfigurationList = 1855D80D1815DF6D00C002A4 /* Build configuration list for PBXNativeTarget "Week 2" */;
			buildPhases = (
				1855D7D41815DF6D00C002A4 /* Sources */,
				1855D7D51815DF6D00C002A4 /* Frameworks */,
				1855D7D61815DF6D00C002A4 /* Resources */,
			);
			buildRules = (
			);
			dependencies = (
			);
			name = "Week 2";
			productName = "Week 2";
			productReference = 1855D7D81815DF6D00C002A4 /* Week 2.app */;
			productType = "com.apple.product-type.application";
		};
		1855D7FB1815DF6D00C002A4 /* Week 2Tests */ = {
			isa = PBXNativeTarget;
			buildConfigurationList = 1855D8101815DF6D00C002A4 /* Build configuration list for PBXNativeTarget "Week 2Tests" */;
			buildPhases = (
				1855D7F81815DF6D00C002A4 /* Sources */,
				1855D7F91815DF6D00C002A4 /* Frameworks */,
				1855D7FA1815DF6D00C002A4 /* Resources */,
			);
			buildRules = (
			);
			dependencies = (
				1855D8021815DF6D00C002A4 /* PBXTargetDependency */,
			);
			name = "Week 2Tests";
			productName = "Week 2Tests";
			productReference = 1855D7FC1815DF6D00C002A4 /* Week 2Tests.xctest */;
			productType = "com.apple.product-type.bundle.unit-test";
		};
/* End PBXNativeTarget section */

/* Begin PBXProject section */
		1855D7D01815DF6D00C002A4 /* Project object */ = {
			isa = PBXProject;
			attributes = {
				LastUpgradeCheck = 0500;
				ORGANIZATIONNAME = "Michael Dorian Bach";
				TargetAttributes = {
					1855D7FB1815DF6D00C002A4 = {
						TestTargetID = 1855D7D71815DF6D00C002A4;
					};
				};
			};
			buildConfigurationList = 1855D7D31815DF6D00C002A4 /* Build configuration list for PBXProject "Week 2" */;
			compatibilityVersion = "Xcode 3.2";
			developmentRegion = English;
			hasScannedForEncodings = 0;
			knownRegions = (
				en,
				Base,
			);
			mainGroup = 1855D7CF1815DF6D00C002A4;
			productRefGroup = 1855D7D91815DF6D00C002A4 /* Products */;
			projectDirPath = "";
			projectRoot = "";
			targets = (
				1855D7D71815DF6D00C002A4 /* Week 2 */,
				1855D7FB1815DF6D00C002A4 /* Week 2Tests */,
			);
		};
/* End PBXProject section */

/* Begin PBXResourcesBuildPhase section */
		1855D7D61815DF6D00C002A4 /* Resources */ = {
			isa = PBXResourcesBuildPhase;
			buildActionMask = 2147483647;
			files = (
				1855D7F21815DF6D00C002A4 /* Main_iPad.storyboard in Resources */,
				1855D7F71815DF6D00C002A4 /* Images.xcassets in Resources */,
				1855D7EF1815DF6D00C002A4 /* Main_iPhone.storyboard in Resources */,
				1855D7E61815DF6D00C002A4 /* InfoPlist.strings in Resources */,
			);
			runOnlyForDeploymentPostprocessing = 0;
		};
		1855D7FA1815DF6D00C002A4 /* Resources */ = {
			isa = PBXResourcesBuildPhase;
			buildActionMask = 2147483647;
			files = (
				1855D8081815DF6D00C002A4 /* InfoPlist.strings in Resources */,
			);
			runOnlyForDeploymentPostprocessing = 0;
		};
/* End PBXResourcesBuildPhase section */

/* Begin PBXSourcesBuildPhase section */
		1855D7D41815DF6D00C002A4 /* Sources */ = {
			isa = PBXSourcesBuildPhase;
			buildActionMask = 2147483647;
			files = (
				1855D7F51815DF6D00C002A4 /* ViewController.m in Sources */,
				1855D7EC1815DF6D00C002A4 /* AppDelegate.m in Sources */,
				1855D7E81815DF6D00C002A4 /* main.m in Sources */,
			);
			runOnlyForDeploymentPostprocessing = 0;
		};
		1855D7F81815DF6D00C002A4 /* Sources */ = {
			isa = PBXSourcesBuildPhase;
			buildActionMask = 2147483647;
			files = (
				1855D80A1815DF6D00C002A4 /* Week_2Tests.m in Sources */,
			);
			runOnlyForDeploymentPostprocessing = 0;
		};
/* End PBXSourcesBuildPhase section */

/* Begin PBXTargetDependency section */
		1855D8021815DF6D00C002A4 /* PBXTargetDependency */ = {
			isa = PBXTargetDependency;
			target = 1855D7D71815DF6D00C002A4 /* Week 2 */;
			targetProxy = 1855D8011815DF6D00C002A4 /* PBXContainerItemProxy */;
		};
/* End PBXTargetDependency section */

/* Begin PBXVariantGroup section */
		1855D7E41815DF6D00C002A4 /* InfoPlist.strings */ = {
			isa = PBXVariantGroup;
			children = (
				1855D7E51815DF6D00C002A4 /* en */,
			);
			name = InfoPlist.strings;
			sourceTree = "<group>";
		};
		1855D7ED1815DF6D00C002A4 /* Main_iPhone.storyboard */ = {
			isa = PBXVariantGroup;
			children = (
				1855D7EE1815DF6D00C002A4 /* Base */,
			);
			name = Main_iPhone.storyboard;
			sourceTree = "<group>";
		};
		1855D7F01815DF6D00C002A4 /* Main_iPad.storyboard */ = {
			isa = PBXVariantGroup;
			children = (
				1855D7F11815DF6D00C002A4 /* Base */,
			);
			name = Main_iPad.storyboard;
			sourceTree = "<group>";
		};
		1855D8061815DF6D00C002A4 /* InfoPlist.strings */ = {
			isa = PBXVariantGroup;
			children = (
				1855D8071815DF6D00C002A4 /* en */,
			);
			name = InfoPlist.strings;
			sourceTree = "<group>";
		};
/* End PBXVariantGroup section */

/* Begin XCBuildConfiguration section */
		1855D80B1815DF6D00C002A4 /* Debug */ = {
			isa = XCBuildConfiguration;
			buildSettings = {
				ALWAYS_SEARCH_USER_PATHS = NO;
				ARCHS = "$(ARCHS_STANDARD_INCLUDING_64_BIT)";
				CLANG_CXX_LANGUAGE_STANDARD = "gnu++0x";
				CLANG_CXX_LIBRARY = "libc++";
				CLANG_ENABLE_MODULES = YES;
				CLANG_ENABLE_OBJC_ARC = YES;
				CLANG_WARN_BOOL_CONVERSION = YES;
				CLANG_WARN_CONSTANT_CONVERSION = YES;
				CLANG_WARN_DIRECT_OBJC_ISA_USAGE = YES_ERROR;
				CLANG_WARN_EMPTY_BODY = YES;
				CLANG_WARN_ENUM_CONVERSION = YES;
				CLANG_WARN_INT_CONVERSION = YES;
				CLANG_WARN_OBJC_ROOT_CLASS = YES_ERROR;
				CLANG_WARN__DUPLICATE_METHOD_MATCH = YES;
				"CODE_SIGN_IDENTITY[sdk=iphoneos*]" = "iPhone Developer";
				COPY_PHASE_STRIP = NO;
				GCC_C_LANGUAGE_STANDARD = gnu99;
				GCC_DYNAMIC_NO_PIC = NO;
				GCC_OPTIMIZATION_LEVEL = 0;
				GCC_PREPROCESSOR_DEFINITIONS = (
					"DEBUG=1",
					"$(inherited)",
				);
				GCC_SYMBOLS_PRIVATE_EXTERN = NO;
				GCC_WARN_64_TO_32_BIT_CONVERSION = YES;
				GCC_WARN_ABOUT_RETURN_TYPE = YES_ERROR;
				GCC_WARN_UNDECLARED_SELECTOR = YES;
				GCC_WARN_UNINITIALIZED_AUTOS = YES;
				GCC_WARN_UNUSED_FUNCTION = YES;
				GCC_WARN_UNUSED_VARIABLE = YES;
				IPHONEOS_DEPLOYMENT_TARGET = 7.0;
				ONLY_ACTIVE_ARCH = YES;
				SDKROOT = iphoneos;
				TARGETED_DEVICE_FAMILY = "1,2";
			};
			name = Debug;
		};
		1855D80C1815DF6D00C002A4 /* Release */ = {
			isa = XCBuildConfiguration;
			buildSettings = {
				ALWAYS_SEARCH_USER_PATHS = NO;
				ARCHS = "$(ARCHS_STANDARD_INCLUDING_64_BIT)";
				CLANG_CXX_LANGUAGE_STANDARD = "gnu++0x";
				CLANG_CXX_LIBRARY = "libc++";
				CLANG_ENABLE_MODULES = YES;
				CLANG_ENABLE_OBJC_ARC = YES;
				CLANG_WARN_BOOL_CONVERSION = YES;
				CLANG_WARN_CONSTANT_CONVERSION = YES;
				CLANG_WARN_DIRECT_OBJC_ISA_USAGE = YES_ERROR;
				CLANG_WARN_EMPTY_BODY = YES;
				CLANG_WARN_ENUM_CONVERSION = YES;
				CLANG_WARN_INT_CONVERSION = YES;
				CLANG_WARN_OBJC_ROOT_CLASS = YES_ERROR;
				CLANG_WARN__DUPLICATE_METHOD_MATCH = YES;
				"CODE_SIGN_IDENTITY[sdk=iphoneos*]" = "iPhone Developer";
				COPY_PHASE_STRIP = YES;
				ENABLE_NS_ASSERTIONS = NO;
				GCC_C_LANGUAGE_STANDARD = gnu99;
				GCC_WARN_64_TO_32_BIT_CONVERSION = YES;
				GCC_WARN_ABOUT_RETURN_TYPE = YES_ERROR;
				GCC_WARN_UNDECLARED_SELECTOR = YES;
				GCC_WARN_UNINITIALIZED_AUTOS = YES;
				GCC_WARN_UNUSED_FUNCTION = YES;
				GCC_WARN_UNUSED_VARIABLE = YES;
				IPHONEOS_DEPLOYMENT_TARGET = 7.0;
				SDKROOT = iphoneos;
				TARGETED_DEVICE_FAMILY = "1,2";
				VALIDATE_PRODUCT = YES;
			};
			name = Release;
		};
		1855D80E1815DF6D00C002A4 /* Debug */ = {
			isa = XCBuildConfiguration;
			buildSettings = {
				ASSETCATALOG_COMPILER_APPICON_NAME = AppIcon;
				ASSETCATALOG_COMPILER_LAUNCHIMAGE_NAME = LaunchImage;
				GCC_PRECOMPILE_PREFIX_HEADER = YES;
				GCC_PREFIX_HEADER = "Week 2/Week 2-Prefix.pch";
				INFOPLIST_FILE = "Week 2/Week 2-Info.plist";
				PRODUCT_NAME = "$(TARGET_NAME)";
				WRAPPER_EXTENSION = app;
			};
			name = Debug;
		};
		1855D80F1815DF6D00C002A4 /* Release */ = {
			isa = XCBuildConfiguration;
			buildSettings = {
				ASSETCATALOG_COMPILER_APPICON_NAME = AppIcon;
				ASSETCATALOG_COMPILER_LAUNCHIMAGE_NAME = LaunchImage;
				GCC_PRECOMPILE_PREFIX_HEADER = YES;
				GCC_PREFIX_HEADER = "Week 2/Week 2-Prefix.pch";
				INFOPLIST_FILE = "Week 2/Week 2-Info.plist";
				PRODUCT_NAME = "$(TARGET_NAME)";
				WRAPPER_EXTENSION = app;
			};
			name = Release;
		};
		1855D8111815DF6D00C002A4 /* Debug */ = {
			isa = XCBuildConfiguration;
			buildSettings = {
				ARCHS = "$(ARCHS_STANDARD_INCLUDING_64_BIT)";
				BUNDLE_LOADER = "$(BUILT_PRODUCTS_DIR)/Week 2.app/Week 2";
				FRAMEWORK_SEARCH_PATHS = (
					"$(SDKROOT)/Developer/Library/Frameworks",
					"$(inherited)",
					"$(DEVELOPER_FRAMEWORKS_DIR)",
				);
				GCC_PRECOMPILE_PREFIX_HEADER = YES;
				GCC_PREFIX_HEADER = "Week 2/Week 2-Prefix.pch";
				GCC_PREPROCESSOR_DEFINITIONS = (
					"DEBUG=1",
					"$(inherited)",
				);
				INFOPLIST_FILE = "Week 2Tests/Week 2Tests-Info.plist";
				PRODUCT_NAME = "$(TARGET_NAME)";
				TEST_HOST = "$(BUNDLE_LOADER)";
				WRAPPER_EXTENSION = xctest;
			};
			name = Debug;
		};
		1855D8121815DF6D00C002A4 /* Release */ = {
			isa = XCBuildConfiguration;
			buildSettings = {
				ARCHS = "$(ARCHS_STANDARD_INCLUDING_64_BIT)";
				BUNDLE_LOADER = "$(BUILT_PRODUCTS_DIR)/Week 2.app/Week 2";
				FRAMEWORK_SEARCH_PATHS = (
					"$(SDKROOT)/Developer/Library/Frameworks",
					"$(inherited)",
					"$(DEVELOPER_FRAMEWORKS_DIR)",
				);
				GCC_PRECOMPILE_PREFIX_HEADER = YES;
				GCC_PREFIX_HEADER = "Week 2/Week 2-Prefix.pch";
				INFOPLIST_FILE = "Week 2Tests/Week 2Tests-Info.plist";
				PRODUCT_NAME = "$(TARGET_NAME)";
				TEST_HOST = "$(BUNDLE_LOADER)";
				WRAPPER_EXTENSION = xctest;
			};
			name = Release;
		};
/* End XCBuildConfiguration section */

/* Begin XCConfigurationList section */
		1855D7D31815DF6D00C002A4 /* Build configuration list for PBXProject "Week 2" */ = {
			isa = XCConfigurationList;
			buildConfigurations = (
				1855D80B1815DF6D00C002A4 /* Debug */,
				1855D80C1815DF6D00C002A4 /* Release */,
			);
			defaultConfigurationIsVisible = 0;
			defaultConfigurationName = Release;
		};
		1855D80D1815DF6D00C002A4 /* Build configuration list for PBXNativeTarget "Week 2" */ = {
			isa = XCConfigurationList;
			buildConfigurations = (
				1855D80E1815DF6D00C002A4 /* Debug */,
				1855D80F1815DF6D00C002A4 /* Release */,
			);
			defaultConfigurationIsVisible = 0;
		};
		1855D8101815DF6D00C002A4 /* Build configuration list for PBXNativeTarget "Week 2Tests" */ = {
			isa = XCConfigurationList;
			buildConfigurations = (
				1855D8111815DF6D00C002A4 /* Debug */,
				1855D8121815DF6D00C002A4 /* Release */,
			);
			defaultConfigurationIsVisible = 0;
		};
/* End XCConfigurationList section */
	};
	rootObject = 1855D7D01815DF6D00C002A4 /* Project object */;
}
